
Microsoft Visual Studio Solution File, Format Version 12.00
# Visual Studio Version 16
VisualStudioVersion = 16.0.31729.503
MinimumVisualStudioVersion = 10.0.40219.1
Project("{FAE04EC0-301F-11D3-BF4B-00C04F79EFBC}") = "Hastane", "Hastane\Hastane.csproj", "{6A9C2ECF-B40F-4B06-82C2-EA9A8E8CCDFE}"
EndProject
Global
	GlobalSection(SolutionConfigurationPlatforms) = preSolution
		Debug|Any CPU = Debug|Any CPU
		Release|Any CPU = Release|Any CPU
	EndGlobalSection
	GlobalSection(ProjectConfigurationPlatforms) = postSolution
		{6A9C2ECF-B40F-4B06-82C2-EA9A8E8CCDFE}.Debug|Any CPU.ActiveCfg = Debug|Any CPU
		{6A9C2ECF-B40F-4B06-82C2-EA9A8E8CCDFE}.Debug|Any CPU.Build.0 = Debug|Any CPU
		{6A9C2ECF-B40F-4B06-82C2-EA9A8E8CCDFE}.Release|Any CPU.ActiveCfg = Release|Any CPU
		{6A9C2ECF-B40F-4B06-82C2-EA9A8E8CCDFE}.Release|Any CPU.Build.0 = Release|Any CPU
	EndGlobalSection
	GlobalSection(SolutionProperties) = preSolution
		HideSolutionNode = FALSE
	EndGlobalSection
	GlobalSection(ExtensibilityGlobals) = postSolution
		SolutionGuid = {65C9DF36-9169-4198-8FD8-9E1324B892FA}
	EndGlobalSection
EndGlobal
